
Microsoft Visual Studio Solution File, Format Version 12.00
# Visual Studio Version 16
VisualStudioVersion = 16.0.32929.386
MinimumVisualStudioVersion = 10.0.40219.1
Project("{FAE04EC0-301F-11D3-BF4B-00C04F79EFBC}") = "Task2", "Task2.csproj", "{763D753B-C3CF-49D3-804B-37654E512007}"
EndProject
Global
	GlobalSection(SolutionConfigurationPlatforms) = preSolution
		Debug|Any CPU = Debug|Any CPU
		Release|Any CPU = Release|Any CPU
	EndGlobalSection
	GlobalSection(ProjectConfigurationPlatforms) = postSolution
		{763D753B-C3CF-49D3-804B-37654E512007}.Debug|Any CPU.ActiveCfg = Debug|Any CPU
		{763D753B-C3CF-49D3-804B-37654E512007}.Debug|Any CPU.Build.0 = Debug|Any CPU
		{763D753B-C3CF-49D3-804B-37654E512007}.Release|Any CPU.ActiveCfg = Release|Any CPU
		{763D753B-C3CF-49D3-804B-37654E512007}.Release|Any CPU.Build.0 = Release|Any CPU
	EndGlobalSection
	GlobalSection(SolutionProperties) = preSolution
		HideSolutionNode = FALSE
	EndGlobalSection
	GlobalSection(ExtensibilityGlobals) = postSolution
		SolutionGuid = {B03AE00F-FCD8-454C-B6CA-96D09731F5B3}
	EndGlobalSection
EndGlobal
